
Microsoft Visual Studio Solution File, Format Version 12.00
# Visual Studio 15
VisualStudioVersion = 15.0.27130.2020
MinimumVisualStudioVersion = 10.0.40219.1
Project("{8BC9CEB8-8B4A-11D0-8D11-00A0C91BC942}") = "Rational", "Rational\Rational.vcxproj", "{4D9A2EBF-5E2F-401C-A716-35A41CA84DF3}"
EndProject
Global
	GlobalSection(SolutionConfigurationPlatforms) = preSolution
		Debug|x64 = Debug|x64
		Debug|x86 = Debug|x86
		Release|x64 = Release|x64
		Release|x86 = Release|x86
	EndGlobalSection
	GlobalSection(ProjectConfigurationPlatforms) = postSolution
		{4D9A2EBF-5E2F-401C-A716-35A41CA84DF3}.Debug|x64.ActiveCfg = Debug|x64
		{4D9A2EBF-5E2F-401C-A716-35A41CA84DF3}.Debug|x64.Build.0 = Debug|x64
		{4D9A2EBF-5E2F-401C-A716-35A41CA84DF3}.Debug|x86.ActiveCfg = Debug|Win32
		{4D9A2EBF-5E2F-401C-A716-35A41CA84DF3}.Debug|x86.Build.0 = Debug|Win32
		{4D9A2EBF-5E2F-401C-A716-35A41CA84DF3}.Release|x64.ActiveCfg = Release|x64
		{4D9A2EBF-5E2F-401C-A716-35A41CA84DF3}.Release|x64.Build.0 = Release|x64
		{4D9A2EBF-5E2F-401C-A716-35A41CA84DF3}.Release|x86.ActiveCfg = Release|Win32
		{4D9A2EBF-5E2F-401C-A716-35A41CA84DF3}.Release|x86.Build.0 = Release|Win32
	EndGlobalSection
	GlobalSection(SolutionProperties) = preSolution
		HideSolutionNode = FALSE
	EndGlobalSection
	GlobalSection(ExtensibilityGlobals) = postSolution
		SolutionGuid = {914BFA32-C4EA-4F98-B5F0-9E1C4D7EAF60}
	EndGlobalSection
EndGlobal
